// !$*UTF8*$!
{
	archiveVersion = 1;
	classes = {
	};
	objectVersion = 48;
	objects = {

/* Begin PBXBuildFile section */
		2E45AB7F23BD0D8F0061464D /* QuizeBrain.swift in Sources */ = {isa = PBXBuildFile; fileRef = 2E45AB7E23BD0D8F0061464D /* QuizeBrain.swift */; };
		2E61AF0A23BCC2110030F141 /* AppDelegate.swift in Sources */ = {isa = PBXBuildFile; fileRef = 2E61AF0923BCC2110030F141 /* AppDelegate.swift */; };
		2E61AF0C23BCC2110030F141 /* ViewController.swift in Sources */ = {isa = PBXBuildFile; fileRef = 2E61AF0B23BCC2110030F141 /* ViewController.swift */; };
		2E61AF0F23BCC2110030F141 /* Main.storyboard in Resources */ = {isa = PBXBuildFile; fileRef = 2E61AF0D23BCC2110030F141 /* Main.storyboard */; };
		2E61AF1123BCC2110030F141 /* Assets.xcassets in Resources */ = {isa = PBXBuildFile; fileRef = 2E61AF1023BCC2110030F141 /* Assets.xcassets */; };
		2E61AF1423BCC2110030F141 /* LaunchScreen.storyboard in Resources */ = {isa = PBXBuildFile; fileRef = 2E61AF1223BCC2110030F141 /* LaunchScreen.storyboard */; };
		2E61AF1D23BCC8EE0030F141 /* Question.swift in Sources */ = {isa = PBXBuildFile; fileRef = 2E61AF1C23BCC8EE0030F141 /* Question.swift */; };
/* End PBXBuildFile section */

/* Begin PBXFileReference section */
		2E45AB7E23BD0D8F0061464D /* QuizeBrain.swift */ = {isa = PBXFileReference; lastKnownFileType = sourcecode.swift; path = QuizeBrain.swift; sourceTree = "<group>"; };
		2E61AF0623BCC2110030F141 /* Quizzler-ios11.app */ = {isa = PBXFileReference; explicitFileType = wrapper.application; includeInIndex = 0; path = "Quizzler-ios11.app"; sourceTree = BUILT_PRODUCTS_DIR; };
		2E61AF0923BCC2110030F141 /* AppDelegate.swift */ = {isa = PBXFileReference; lastKnownFileType = sourcecode.swift; path = AppDelegate.swift; sourceTree = "<group>"; };
		2E61AF0B23BCC2110030F141 /* ViewController.swift */ = {isa = PBXFileReference; lastKnownFileType = sourcecode.swift; path = ViewController.swift; sourceTree = "<group>"; };
		2E61AF0E23BCC2110030F141 /* Base */ = {isa = PBXFileReference; lastKnownFileType = file.storyboard; name = Base; path = Base.lproj/Main.storyboard; sourceTree = "<group>"; };
		2E61AF1023BCC2110030F141 /* Assets.xcassets */ = {isa = PBXFileReference; lastKnownFileType = folder.assetcatalog; path = Assets.xcassets; sourceTree = "<group>"; };
		2E61AF1323BCC2110030F141 /* Base */ = {isa = PBXFileReference; lastKnownFileType = file.storyboard; name = Base; path = Base.lproj/LaunchScreen.storyboard; sourceTree = "<group>"; };
		2E61AF1523BCC2110030F141 /* Info.plist */ = {isa = PBXFileReference; lastKnownFileType = text.plist.xml; path = Info.plist; sourceTree = "<group>"; };
		2E61AF1C23BCC8EE0030F141 /* Question.swift */ = {isa = PBXFileReference; lastKnownFileType = sourcecode.swift; path = Question.swift; sourceTree = "<group>"; };
/* End PBXFileReference section */

/* Begin PBXFrameworksBuildPhase section */
		2E61AF0323BCC2110030F141 /* Frameworks */ = {
			isa = PBXFrameworksBuildPhase;
			buildActionMask = 2147483647;
			files = (
			);
			runOnlyForDeploymentPostprocessing = 0;
		};
/* End PBXFrameworksBuildPhase section */

/* Begin PBXGroup section */
		2E45AB7C23BD0CF30061464D /* view */ = {
			isa = PBXGroup;
			children = (
				2E61AF0D23BCC2110030F141 /* Main.storyboard */,
			);
			path = view;
			sourceTree = "<group>";
		};
		2E45AB7D23BD0D010061464D /* controller */ = {
			isa = PBXGroup;
			children = (
				2E61AF0B23BCC2110030F141 /* ViewController.swift */,
			);
			path = controller;
			sourceTree = "<group>";
		};
		2E61AEFD23BCC2110030F141 = {
			isa = PBXGroup;
			children = (
				2E61AF0823BCC2110030F141 /* Quizzler-ios11 */,
				2E61AF0723BCC2110030F141 /* Products */,
			);
			sourceTree = "<group>";
		};
		2E61AF0723BCC2110030F141 /* Products */ = {
			isa = PBXGroup;
			children = (
				2E61AF0623BCC2110030F141 /* Quizzler-ios11.app */,
			);
			name = Products;
			sourceTree = "<group>";
		};
		2E61AF0823BCC2110030F141 /* Quizzler-ios11 */ = {
			isa = PBXGroup;
			children = (
				2E61AF0923BCC2110030F141 /* AppDelegate.swift */,
				2E61AF1B23BCC8C70030F141 /* model */,
				2E45AB7D23BD0D010061464D /* controller */,
				2E45AB7C23BD0CF30061464D /* view */,
				2E61AF1023BCC2110030F141 /* Assets.xcassets */,
				2E61AF1223BCC2110030F141 /* LaunchScreen.storyboard */,
				2E61AF1523BCC2110030F141 /* Info.plist */,
			);
			path = "Quizzler-ios11";
			sourceTree = "<group>";
		};
		2E61AF1B23BCC8C70030F141 /* model */ = {
			isa = PBXGroup;
			children = (
				2E61AF1C23BCC8EE0030F141 /* Question.swift */,
				2E45AB7E23BD0D8F0061464D /* QuizeBrain.swift */,
			);
			path = model;
			sourceTree = "<group>";
		};
/* End PBXGroup section */

/* Begin PBXNativeTarget section */
		2E61AF0523BCC2110030F141 /* Quizzler-ios11 */ = {
			isa = PBXNativeTarget;
			buildConfigurationList = 2E61AF1823BCC2110030F141 /* Build configuration list for PBXNativeTarget "Quizzler-ios11" */;
			buildPhases = (
				2E61AF0223BCC2110030F141 /* Sources */,
				2E61AF0323BCC2110030F141 /* Frameworks */,
				2E61AF0423BCC2110030F141 /* Resources */,
			);
			buildRules = (
			);
			dependencies = (
			);
			name = "Quizzler-ios11";
			productName = "Quizzler-ios11";
			productReference = 2E61AF0623BCC2110030F141 /* Quizzler-ios11.app */;
			productType = "com.apple.product-type.application";
		};
/* End PBXNativeTarget section */

/* Begin PBXProject section */
		2E61AEFE23BCC2110030F141 /* Project object */ = {
			isa = PBXProject;
			attributes = {
				LastSwiftUpdateCheck = 0900;
				LastUpgradeCheck = 0900;
				ORGANIZATIONNAME = pop;
				TargetAttributes = {
					2E61AF0523BCC2110030F141 = {
						CreatedOnToolsVersion = 9.0;
						ProvisioningStyle = Automatic;
					};
				};
			};
			buildConfigurationList = 2E61AF0123BCC2110030F141 /* Build configuration list for PBXProject "Quizzler-ios11" */;
			compatibilityVersion = "Xcode 8.0";
			developmentRegion = en;
			hasScannedForEncodings = 0;
			knownRegions = (
				en,
				Base,
			);
			mainGroup = 2E61AEFD23BCC2110030F141;
			productRefGroup = 2E61AF0723BCC2110030F141 /* Products */;
			projectDirPath = "";
			projectRoot = "";
			targets = (
				2E61AF0523BCC2110030F141 /* Quizzler-ios11 */,
			);
		};
/* End PBXProject section */

/* Begin PBXResourcesBuildPhase section */
		2E61AF0423BCC2110030F141 /* Resources */ = {
			isa = PBXResourcesBuildPhase;
			buildActionMask = 2147483647;
			files = (
				2E61AF1423BCC2110030F141 /* LaunchScreen.storyboard in Resources */,
				2E61AF1123BCC2110030F141 /* Assets.xcassets in Resources */,
				2E61AF0F23BCC2110030F141 /* Main.storyboard in Resources */,
			);
			runOnlyForDeploymentPostprocessing = 0;
		};
/* End PBXResourcesBuildPhase section */

/* Begin PBXSourcesBuildPhase section */
		2E61AF0223BCC2110030F141 /* Sources */ = {
			isa = PBXSourcesBuildPhase;
			buildActionMask = 2147483647;
			files = (
				2E61AF1D23BCC8EE0030F141 /* Question.swift in Sources */,
				2E45AB7F23BD0D8F0061464D /* QuizeBrain.swift in Sources */,
				2E61AF0C23BCC2110030F141 /* ViewController.swift in Sources */,
				2E61AF0A23BCC2110030F141 /* AppDelegate.swift in Sources */,
			);
			runOnlyForDeploymentPostprocessing = 0;
		};
/* End PBXSourcesBuildPhase section */

/* Begin PBXVariantGroup section */
		2E61AF0D23BCC2110030F141 /* Main.storyboard */ = {
			isa = PBXVariantGroup;
			children = (
				2E61AF0E23BCC2110030F141 /* Base */,
			);
			name = Main.storyboard;
			sourceTree = "<group>";
		};
		2E61AF1223BCC2110030F141 /* LaunchScreen.storyboard */ = {
			isa = PBXVariantGroup;
			children = (
				2E61AF1323BCC2110030F141 /* Base */,
			);
			name = LaunchScreen.storyboard;
			sourceTree = "<group>";
		};
/* End PBXVariantGroup section */

/* Begin XCBuildConfiguration section */
		2E61AF1623BCC2110030F141 /* Debug */ = {
			isa = XCBuildConfiguration;
			buildSettings = {
				ALWAYS_SEARCH_USER_PATHS = NO;
				CLANG_ANALYZER_NONNULL = YES;
				CLANG_ANALYZER_NUMBER_OBJECT_CONVERSION = YES_AGGRESSIVE;
				CLANG_CXX_LANGUAGE_STANDARD = "gnu++14";
				CLANG_CXX_LIBRARY = "libc++";
				CLANG_ENABLE_MODULES = YES;
				CLANG_ENABLE_OBJC_ARC = YES;
				CLANG_WARN_BLOCK_CAPTURE_AUTORELEASING = YES;
				CLANG_WARN_BOOL_CONVERSION = YES;
				CLANG_WARN_COMMA = YES;
				CLANG_WARN_CONSTANT_CONVERSION = YES;
				CLANG_WARN_DIRECT_OBJC_ISA_USAGE = YES_ERROR;
				CLANG_WARN_DOCUMENTATION_COMMENTS = YES;
				CLANG_WARN_EMPTY_BODY = YES;
				CLANG_WARN_ENUM_CONVERSION = YES;
				CLANG_WARN_INFINITE_RECURSION = YES;
				CLANG_WARN_INT_CONVERSION = YES;
				CLANG_WARN_NON_LITERAL_NULL_CONVERSION = YES;
				CLANG_WARN_OBJC_LITERAL_CONVERSION = YES;
				CLANG_WARN_OBJC_ROOT_CLASS = YES_ERROR;
				CLANG_WARN_RANGE_LOOP_ANALYSIS = YES;
				CLANG_WARN_STRICT_PROTOTYPES = YES;
				CLANG_WARN_SUSPICIOUS_MOVE = YES;
				CLANG_WARN_UNGUARDED_AVAILABILITY = YES_AGGRESSIVE;
				CLANG_WARN_UNREACHABLE_CODE = YES;
				CLANG_WARN__DUPLICATE_METHOD_MATCH = YES;
				CODE_SIGN_IDENTITY = "iPhone Developer";
				COPY_PHASE_STRIP = NO;
				DEBUG_INFORMATION_FORMAT = dwarf;
				ENABLE_STRICT_OBJC_MSGSEND = YES;
				ENABLE_TESTABILITY = YES;
				GCC_C_LANGUAGE_STANDARD = gnu11;
				GCC_DYNAMIC_NO_PIC = NO;
				GCC_NO_COMMON_BLOCKS = YES;
				GCC_OPTIMIZATION_LEVEL = 0;
				GCC_PREPROCESSOR_DEFINITIONS = (
					"DEBUG=1",
					"$(inherited)",
				);
				GCC_WARN_64_TO_32_BIT_CONVERSION = YES;
				GCC_WARN_ABOUT_RETURN_TYPE = YES_ERROR;
				GCC_WARN_UNDECLARED_SELECTOR = YES;
				GCC_WARN_UNINITIALIZED_AUTOS = YES_AGGRESSIVE;
				GCC_WARN_UNUSED_FUNCTION = YES;
				GCC_WARN_UNUSED_VARIABLE = YES;
				IPHONEOS_DEPLOYMENT_TARGET = 11.0;
				MTL_ENABLE_DEBUG_INFO = YES;
				ONLY_ACTIVE_ARCH = YES;
				SDKROOT = iphoneos;
				SWIFT_ACTIVE_COMPILATION_CONDITIONS = DEBUG;
				SWIFT_OPTIMIZATION_LEVEL = "-Onone";
			};
			name = Debug;
		};
		2E61AF1723BCC2110030F141 /* Release */ = {
			isa = XCBuildConfiguration;
			buildSettings = {
				ALWAYS_SEARCH_USER_PATHS = NO;
				CLANG_ANALYZER_NONNULL = YES;
				CLANG_ANALYZER_NUMBER_OBJECT_CONVERSION = YES_AGGRESSIVE;
				CLANG_CXX_LANGUAGE_STANDARD = "gnu++14";
				CLANG_CXX_LIBRARY = "libc++";
				CLANG_ENABLE_MODULES = YES;
				CLANG_ENABLE_OBJC_ARC = YES;
				CLANG_WARN_BLOCK_CAPTURE_AUTORELEASING = YES;
				CLANG_WARN_BOOL_CONVERSION = YES;
				CLANG_WARN_COMMA = YES;
				CLANG_WARN_CONSTANT_CONVERSION = YES;
				CLANG_WARN_DIRECT_OBJC_ISA_USAGE = YES_ERROR;
				CLANG_WARN_DOCUMENTATION_COMMENTS = YES;
				CLANG_WARN_EMPTY_BODY = YES;
				CLANG_WARN_ENUM_CONVERSION = YES;
				CLANG_WARN_INFINITE_RECURSION = YES;
				CLANG_WARN_INT_CONVERSION = YES;
				CLANG_WARN_NON_LITERAL_NULL_CONVERSION = YES;
				CLANG_WARN_OBJC_LITERAL_CONVERSION = YES;
				CLANG_WARN_OBJC_ROOT_CLASS = YES_ERROR;
				CLANG_WARN_RANGE_LOOP_ANALYSIS = YES;
				CLANG_WARN_STRICT_PROTOTYPES = YES;
				CLANG_WARN_SUSPICIOUS_MOVE = YES;
				CLANG_WARN_UNGUARDED_AVAILABILITY = YES_AGGRESSIVE;
				CLANG_WARN_UNREACHABLE_CODE = YES;
				CLANG_WARN__DUPLICATE_METHOD_MATCH = YES;
				CODE_SIGN_IDENTITY = "iPhone Developer";
				COPY_PHASE_STRIP = NO;
				DEBUG_INFORMATION_FORMAT = "dwarf-with-dsym";
				ENABLE_NS_ASSERTIONS = NO;
				ENABLE_STRICT_OBJC_MSGSEND = YES;
				GCC_C_LANGUAGE_STANDARD = gnu11;
				GCC_NO_COMMON_BLOCKS = YES;
				GCC_WARN_64_TO_32_BIT_CONVERSION = YES;
				GCC_WARN_ABOUT_RETURN_TYPE = YES_ERROR;
				GCC_WARN_UNDECLARED_SELECTOR = YES;
				GCC_WARN_UNINITIALIZED_AUTOS = YES_AGGRESSIVE;
				GCC_WARN_UNUSED_FUNCTION = YES;
				GCC_WARN_UNUSED_VARIABLE = YES;
				IPHONEOS_DEPLOYMENT_TARGET = 11.0;
				MTL_ENABLE_DEBUG_INFO = NO;
				SDKROOT = iphoneos;
				SWIFT_OPTIMIZATION_LEVEL = "-Owholemodule";
				VALIDATE_PRODUCT = YES;
			};
			name = Release;
		};
		2E61AF1923BCC2110030F141 /* Debug */ = {
			isa = XCBuildConfiguration;
			buildSettings = {
				ASSETCATALOG_COMPILER_APPICON_NAME = AppIcon;
				CODE_SIGN_STYLE = Automatic;
				INFOPLIST_FILE = "Quizzler-ios11/Info.plist";
				LD_RUNPATH_SEARCH_PATHS = "$(inherited) @executable_path/Frameworks";
				PRODUCT_BUNDLE_IDENTIFIER = "pop.Quizzler-ios11";
				PRODUCT_NAME = "$(TARGET_NAME)";
				SWIFT_VERSION = 4.0;
				TARGETED_DEVICE_FAMILY = "1,2";
			};
			name = Debug;
		};
		2E61AF1A23BCC2110030F141 /* Release */ = {
			isa = XCBuildConfiguration;
			buildSettings = {
				ASSETCATALOG_COMPILER_APPICON_NAME = AppIcon;
				CODE_SIGN_STYLE = Automatic;
				INFOPLIST_FILE = "Quizzler-ios11/Info.plist";
				LD_RUNPATH_SEARCH_PATHS = "$(inherited) @executable_path/Frameworks";
				PRODUCT_BUNDLE_IDENTIFIER = "pop.Quizzler-ios11";
				PRODUCT_NAME = "$(TARGET_NAME)";
				SWIFT_VERSION = 4.0;
				TARGETED_DEVICE_FAMILY = "1,2";
			};
			name = Release;
		};
/* End XCBuildConfiguration section */

/* Begin XCConfigurationList section */
		2E61AF0123BCC2110030F141 /* Build configuration list for PBXProject "Quizzler-ios11" */ = {
			isa = XCConfigurationList;
			buildConfigurations = (
				2E61AF1623BCC2110030F141 /* Debug */,
				2E61AF1723BCC2110030F141 /* Release */,
			);
			defaultConfigurationIsVisible = 0;
			defaultConfigurationName = Release;
		};
		2E61AF1823BCC2110030F141 /* Build configuration list for PBXNativeTarget "Quizzler-ios11" */ = {
			isa = XCConfigurationList;
			buildConfigurations = (
				2E61AF1923BCC2110030F141 /* Debug */,
				2E61AF1A23BCC2110030F141 /* Release */,
			);
			defaultConfigurationIsVisible = 0;
			defaultConfigurationName = Release;
		};
/* End XCConfigurationList section */
	};
	rootObject = 2E61AEFE23BCC2110030F141 /* Project object */;
}
